
Microsoft Visual Studio Solution File, Format Version 12.00
# Visual Studio Version 17
VisualStudioVersion = 17.7.34221.43
MinimumVisualStudioVersion = 10.0.40219.1
Project("{9A19103F-16F7-4668-BE54-9A1E7A4F7556}") = "DXApplication1.Module", "DXApplication1.Module\DXApplication1.Module.csproj", "{7996F108-A247-40D5-B085-6F0B7804DB2A}"
EndProject
Project("{9A19103F-16F7-4668-BE54-9A1E7A4F7556}") = "DXApplication1.Win", "DXApplication1.Win\DXApplication1.Win.csproj", "{F162873E-45A9-4777-B077-55BA37779CA8}"
EndProject
Project("{9A19103F-16F7-4668-BE54-9A1E7A4F7556}") = "DXApplication1.Blazor.Server", "DXApplication1.Blazor.Server\DXApplication1.Blazor.Server.csproj", "{C3205B66-939E-4042-93FF-3306DE166C1C}"
EndProject
Global
	GlobalSection(SolutionConfigurationPlatforms) = preSolution
		Debug|Any CPU = Debug|Any CPU
		EasyTest|Any CPU = EasyTest|Any CPU
		Release|Any CPU = Release|Any CPU
	EndGlobalSection
	GlobalSection(ProjectConfigurationPlatforms) = postSolution
		{7996F108-A247-40D5-B085-6F0B7804DB2A}.Debug|Any CPU.ActiveCfg = Debug|Any CPU
		{7996F108-A247-40D5-B085-6F0B7804DB2A}.Debug|Any CPU.Build.0 = Debug|Any CPU
		{7996F108-A247-40D5-B085-6F0B7804DB2A}.EasyTest|Any CPU.ActiveCfg = EasyTest|Any CPU
		{7996F108-A247-40D5-B085-6F0B7804DB2A}.EasyTest|Any CPU.Build.0 = EasyTest|Any CPU
		{7996F108-A247-40D5-B085-6F0B7804DB2A}.Release|Any CPU.ActiveCfg = Release|Any CPU
		{7996F108-A247-40D5-B085-6F0B7804DB2A}.Release|Any CPU.Build.0 = Release|Any CPU
		{F162873E-45A9-4777-B077-55BA37779CA8}.Debug|Any CPU.ActiveCfg = Debug|Any CPU
		{F162873E-45A9-4777-B077-55BA37779CA8}.Debug|Any CPU.Build.0 = Debug|Any CPU
		{F162873E-45A9-4777-B077-55BA37779CA8}.EasyTest|Any CPU.ActiveCfg = EasyTest|Any CPU
		{F162873E-45A9-4777-B077-55BA37779CA8}.EasyTest|Any CPU.Build.0 = EasyTest|Any CPU
		{F162873E-45A9-4777-B077-55BA37779CA8}.Release|Any CPU.ActiveCfg = Release|Any CPU
		{F162873E-45A9-4777-B077-55BA37779CA8}.Release|Any CPU.Build.0 = Release|Any CPU
		{C3205B66-939E-4042-93FF-3306DE166C1C}.Debug|Any CPU.ActiveCfg = Debug|Any CPU
		{C3205B66-939E-4042-93FF-3306DE166C1C}.Debug|Any CPU.Build.0 = Debug|Any CPU
		{C3205B66-939E-4042-93FF-3306DE166C1C}.EasyTest|Any CPU.ActiveCfg = EasyTest|Any CPU
		{C3205B66-939E-4042-93FF-3306DE166C1C}.EasyTest|Any CPU.Build.0 = EasyTest|Any CPU
		{C3205B66-939E-4042-93FF-3306DE166C1C}.Release|Any CPU.ActiveCfg = Release|Any CPU
		{C3205B66-939E-4042-93FF-3306DE166C1C}.Release|Any CPU.Build.0 = Release|Any CPU
	EndGlobalSection
	GlobalSection(SolutionProperties) = preSolution
		HideSolutionNode = FALSE
	EndGlobalSection
EndGlobal
